
Microsoft Visual Studio Solution File, Format Version 12.00
# Visual Studio Version 17
VisualStudioVersion = 17.9.34607.119
MinimumVisualStudioVersion = 10.0.40219.1
Project("{2150E333-8FDC-42A3-9474-1A3956D46DE8}") = "_src", "_src", "{1894A329-36F0-4ECF-B569-4B8592748882}"
EndProject
Project("{2150E333-8FDC-42A3-9474-1A3956D46DE8}") = "_libs", "_libs", "{6E00C038-6D5F-4877-AB9A-E41BDB5CD686}"
EndProject
Project("{2150E333-8FDC-42A3-9474-1A3956D46DE8}") = "CoreService", "CoreService", "{F1FA00CD-687F-4EF6-89FC-B23B9F168EAB}"
EndProject
Project("{2150E333-8FDC-42A3-9474-1A3956D46DE8}") = "Core", "Core", "{1044B5E8-5C7A-4455-A281-D90094F4199D}"
EndProject
Project("{2150E333-8FDC-42A3-9474-1A3956D46DE8}") = "Infrastructure", "Infrastructure", "{A6918829-FB22-44F3-ADF2-B84BE8FEBE3D}"
EndProject
Project("{2150E333-8FDC-42A3-9474-1A3956D46DE8}") = "Presentation", "Presentation", "{08078A95-97D6-44A0-8493-F52F54385AB7}"
EndProject
Project("{9A19103F-16F7-4668-BE54-9A1E7A4F7556}") = "Mambo.JWT", "_src\_libs\Mambo.JWT\Mambo.JWT.csproj", "{BB710886-53B5-4E23-947E-4E6798A5EE1B}"
EndProject
Project("{9A19103F-16F7-4668-BE54-9A1E7A4F7556}") = "Mambo.Mongo", "_src\_libs\Mambo.Mongo\Mambo.Mongo.csproj", "{EB248DF9-7C66-4B69-9651-4057938E8FE2}"
EndProject
Project("{9A19103F-16F7-4668-BE54-9A1E7A4F7556}") = "Mambo.MassTransit", "_src\_libs\Mambo.MassTransit\Mambo.MassTransit.csproj", "{DA4F881D-1AB2-49AD-B722-7321CBB60B6A}"
EndProject
Project("{9A19103F-16F7-4668-BE54-9A1E7A4F7556}") = "Mambo.Pagination", "_src\_libs\Mambo.Pagination\Mambo.Pagination.csproj", "{003FA17D-889E-44C4-AB8A-D12C6FF8C03D}"
EndProject
Project("{9A19103F-16F7-4668-BE54-9A1E7A4F7556}") = "Mambo.Middleware", "_src\_libs\Mambo.Middleware\Mambo.Middleware.csproj", "{80B9E191-7CD5-49F0-AC9A-3B8B237D8801}"
EndProject
Project("{9A19103F-16F7-4668-BE54-9A1E7A4F7556}") = "Mambo.Response", "_src\_libs\Mambo.Response\Mambo.Response.csproj", "{95AE3C1E-CB32-48F0-A65B-813F95240898}"
EndProject
Project("{9A19103F-16F7-4668-BE54-9A1E7A4F7556}") = "CoreService.Application", "_src\CoreService\Core\CoreService.Application\CoreService.Application.csproj", "{B028B93A-4817-42B6-9F08-138CCB713FE9}"
EndProject
Project("{9A19103F-16F7-4668-BE54-9A1E7A4F7556}") = "CoreService.Domain", "_src\CoreService\Core\CoreService.Domain\CoreService.Domain.csproj", "{9BA1B5D6-22ED-48AC-947E-9C0D8C735C2E}"
EndProject
Project("{9A19103F-16F7-4668-BE54-9A1E7A4F7556}") = "CoreService.Infrastructure", "_src\CoreService\Infrastructure\CoreService.Infrastructure\CoreService.Infrastructure.csproj", "{95297E02-9044-45CE-9661-8F77816AB52A}"
EndProject
Project("{9A19103F-16F7-4668-BE54-9A1E7A4F7556}") = "CoreService.Persistence", "_src\CoreService\Infrastructure\CoreService.Persistence\CoreService.Persistence.csproj", "{EE06989A-7795-46C7-A4D5-1E8C28480777}"
EndProject
Project("{9A19103F-16F7-4668-BE54-9A1E7A4F7556}") = "Mambo.Attribute", "_src\_libs\Mambo.Attribute\Mambo.Attribute.csproj", "{E9E8F2C2-A2CC-4C70-8314-105C0FCAC21B}"
EndProject
Project("{9A19103F-16F7-4668-BE54-9A1E7A4F7556}") = "CoreService.API", "_src\CoreService\Presentation\CoreService.API\CoreService.API.csproj", "{85CB1530-A477-4560-8C10-336EAF5F8372}"
EndProject
Project("{9A19103F-16F7-4668-BE54-9A1E7A4F7556}") = "Mambo.APM", "_src\_libs\Mambo.APM\Mambo.APM.csproj", "{120EBF7A-8438-47F5-8D77-81225F9E9E42}"
EndProject
Project("{2150E333-8FDC-42A3-9474-1A3956D46DE8}") = "CoreServiceDockerFile", "CoreServiceDockerFile", "{7094D2A5-414C-4155-9BB3-3445B9FDB292}"
	ProjectSection(SolutionItems) = preProject
		Dockerfile = Dockerfile
	EndProjectSection
EndProject
Project("{2150E333-8FDC-42A3-9474-1A3956D46DE8}") = "_client", "_client", "{D4BD33C0-3237-4F4E-9A16-8BCFA205C8D6}"
EndProject
Project("{E24C65DC-7377-472B-9ABA-BC803B73C61A}") = "mamboui", "_src\_client\mamboui\", "{3BBC3E8C-5630-406B-BA57-124A6FFB481D}"
	ProjectSection(WebsiteProperties) = preProject
		TargetFrameworkMoniker = ".NETFramework,Version%3Dv4.0"
		Debug.AspNetCompiler.VirtualPath = "/localhost_63301"
		Debug.AspNetCompiler.PhysicalPath = "_src\_client\mamboui\"
		Debug.AspNetCompiler.TargetPath = "PrecompiledWeb\localhost_63301\"
		Debug.AspNetCompiler.Updateable = "true"
		Debug.AspNetCompiler.ForceOverwrite = "true"
		Debug.AspNetCompiler.FixedNames = "false"
		Debug.AspNetCompiler.Debug = "True"
		Release.AspNetCompiler.VirtualPath = "/localhost_63301"
		Release.AspNetCompiler.PhysicalPath = "_src\_client\mamboui\"
		Release.AspNetCompiler.TargetPath = "PrecompiledWeb\localhost_63301\"
		Release.AspNetCompiler.Updateable = "true"
		Release.AspNetCompiler.ForceOverwrite = "true"
		Release.AspNetCompiler.FixedNames = "false"
		Release.AspNetCompiler.Debug = "False"
		VWDPort = "63301"
		SlnRelativePath = "_src\_client\mamboui\"
	EndProjectSection
EndProject
Global
	GlobalSection(SolutionConfigurationPlatforms) = preSolution
		Debug|Any CPU = Debug|Any CPU
		Release|Any CPU = Release|Any CPU
	EndGlobalSection
	GlobalSection(ProjectConfigurationPlatforms) = postSolution
		{BB710886-53B5-4E23-947E-4E6798A5EE1B}.Debug|Any CPU.ActiveCfg = Debug|Any CPU
		{BB710886-53B5-4E23-947E-4E6798A5EE1B}.Debug|Any CPU.Build.0 = Debug|Any CPU
		{BB710886-53B5-4E23-947E-4E6798A5EE1B}.Release|Any CPU.ActiveCfg = Release|Any CPU
		{BB710886-53B5-4E23-947E-4E6798A5EE1B}.Release|Any CPU.Build.0 = Release|Any CPU
		{EB248DF9-7C66-4B69-9651-4057938E8FE2}.Debug|Any CPU.ActiveCfg = Debug|Any CPU
		{EB248DF9-7C66-4B69-9651-4057938E8FE2}.Debug|Any CPU.Build.0 = Debug|Any CPU
		{EB248DF9-7C66-4B69-9651-4057938E8FE2}.Release|Any CPU.ActiveCfg = Release|Any CPU
		{EB248DF9-7C66-4B69-9651-4057938E8FE2}.Release|Any CPU.Build.0 = Release|Any CPU
		{DA4F881D-1AB2-49AD-B722-7321CBB60B6A}.Debug|Any CPU.ActiveCfg = Debug|Any CPU
		{DA4F881D-1AB2-49AD-B722-7321CBB60B6A}.Debug|Any CPU.Build.0 = Debug|Any CPU
		{DA4F881D-1AB2-49AD-B722-7321CBB60B6A}.Release|Any CPU.ActiveCfg = Release|Any CPU
		{DA4F881D-1AB2-49AD-B722-7321CBB60B6A}.Release|Any CPU.Build.0 = Release|Any CPU
		{003FA17D-889E-44C4-AB8A-D12C6FF8C03D}.Debug|Any CPU.ActiveCfg = Debug|Any CPU
		{003FA17D-889E-44C4-AB8A-D12C6FF8C03D}.Debug|Any CPU.Build.0 = Debug|Any CPU
		{003FA17D-889E-44C4-AB8A-D12C6FF8C03D}.Release|Any CPU.ActiveCfg = Release|Any CPU
		{003FA17D-889E-44C4-AB8A-D12C6FF8C03D}.Release|Any CPU.Build.0 = Release|Any CPU
		{80B9E191-7CD5-49F0-AC9A-3B8B237D8801}.Debug|Any CPU.ActiveCfg = Debug|Any CPU
		{80B9E191-7CD5-49F0-AC9A-3B8B237D8801}.Debug|Any CPU.Build.0 = Debug|Any CPU
		{80B9E191-7CD5-49F0-AC9A-3B8B237D8801}.Release|Any CPU.ActiveCfg = Release|Any CPU
		{80B9E191-7CD5-49F0-AC9A-3B8B237D8801}.Release|Any CPU.Build.0 = Release|Any CPU
		{95AE3C1E-CB32-48F0-A65B-813F95240898}.Debug|Any CPU.ActiveCfg = Debug|Any CPU
		{95AE3C1E-CB32-48F0-A65B-813F95240898}.Debug|Any CPU.Build.0 = Debug|Any CPU
		{95AE3C1E-CB32-48F0-A65B-813F95240898}.Release|Any CPU.ActiveCfg = Release|Any CPU
		{95AE3C1E-CB32-48F0-A65B-813F95240898}.Release|Any CPU.Build.0 = Release|Any CPU
		{B028B93A-4817-42B6-9F08-138CCB713FE9}.Debug|Any CPU.ActiveCfg = Debug|Any CPU
		{B028B93A-4817-42B6-9F08-138CCB713FE9}.Debug|Any CPU.Build.0 = Debug|Any CPU
		{B028B93A-4817-42B6-9F08-138CCB713FE9}.Release|Any CPU.ActiveCfg = Release|Any CPU
		{B028B93A-4817-42B6-9F08-138CCB713FE9}.Release|Any CPU.Build.0 = Release|Any CPU
		{9BA1B5D6-22ED-48AC-947E-9C0D8C735C2E}.Debug|Any CPU.ActiveCfg = Debug|Any CPU
		{9BA1B5D6-22ED-48AC-947E-9C0D8C735C2E}.Debug|Any CPU.Build.0 = Debug|Any CPU
		{9BA1B5D6-22ED-48AC-947E-9C0D8C735C2E}.Release|Any CPU.ActiveCfg = Release|Any CPU
		{9BA1B5D6-22ED-48AC-947E-9C0D8C735C2E}.Release|Any CPU.Build.0 = Release|Any CPU
		{95297E02-9044-45CE-9661-8F77816AB52A}.Debug|Any CPU.ActiveCfg = Debug|Any CPU
		{95297E02-9044-45CE-9661-8F77816AB52A}.Debug|Any CPU.Build.0 = Debug|Any CPU
		{95297E02-9044-45CE-9661-8F77816AB52A}.Release|Any CPU.ActiveCfg = Release|Any CPU
		{95297E02-9044-45CE-9661-8F77816AB52A}.Release|Any CPU.Build.0 = Release|Any CPU
		{EE06989A-7795-46C7-A4D5-1E8C28480777}.Debug|Any CPU.ActiveCfg = Debug|Any CPU
		{EE06989A-7795-46C7-A4D5-1E8C28480777}.Debug|Any CPU.Build.0 = Debug|Any CPU
		{EE06989A-7795-46C7-A4D5-1E8C28480777}.Release|Any CPU.ActiveCfg = Release|Any CPU
		{EE06989A-7795-46C7-A4D5-1E8C28480777}.Release|Any CPU.Build.0 = Release|Any CPU
		{E9E8F2C2-A2CC-4C70-8314-105C0FCAC21B}.Debug|Any CPU.ActiveCfg = Debug|Any CPU
		{E9E8F2C2-A2CC-4C70-8314-105C0FCAC21B}.Debug|Any CPU.Build.0 = Debug|Any CPU
		{E9E8F2C2-A2CC-4C70-8314-105C0FCAC21B}.Release|Any CPU.ActiveCfg = Release|Any CPU
		{E9E8F2C2-A2CC-4C70-8314-105C0FCAC21B}.Release|Any CPU.Build.0 = Release|Any CPU
		{85CB1530-A477-4560-8C10-336EAF5F8372}.Debug|Any CPU.ActiveCfg = Debug|Any CPU
		{85CB1530-A477-4560-8C10-336EAF5F8372}.Debug|Any CPU.Build.0 = Debug|Any CPU
		{85CB1530-A477-4560-8C10-336EAF5F8372}.Release|Any CPU.ActiveCfg = Release|Any CPU
		{85CB1530-A477-4560-8C10-336EAF5F8372}.Release|Any CPU.Build.0 = Release|Any CPU
		{120EBF7A-8438-47F5-8D77-81225F9E9E42}.Debug|Any CPU.ActiveCfg = Debug|Any CPU
		{120EBF7A-8438-47F5-8D77-81225F9E9E42}.Debug|Any CPU.Build.0 = Debug|Any CPU
		{120EBF7A-8438-47F5-8D77-81225F9E9E42}.Release|Any CPU.ActiveCfg = Release|Any CPU
		{120EBF7A-8438-47F5-8D77-81225F9E9E42}.Release|Any CPU.Build.0 = Release|Any CPU
		{3BBC3E8C-5630-406B-BA57-124A6FFB481D}.Debug|Any CPU.ActiveCfg = Debug|Any CPU
		{3BBC3E8C-5630-406B-BA57-124A6FFB481D}.Debug|Any CPU.Build.0 = Debug|Any CPU
		{3BBC3E8C-5630-406B-BA57-124A6FFB481D}.Release|Any CPU.ActiveCfg = Debug|Any CPU
		{3BBC3E8C-5630-406B-BA57-124A6FFB481D}.Release|Any CPU.Build.0 = Debug|Any CPU
	EndGlobalSection
	GlobalSection(SolutionProperties) = preSolution
		HideSolutionNode = FALSE
	EndGlobalSection
	GlobalSection(NestedProjects) = preSolution
		{6E00C038-6D5F-4877-AB9A-E41BDB5CD686} = {1894A329-36F0-4ECF-B569-4B8592748882}
		{F1FA00CD-687F-4EF6-89FC-B23B9F168EAB} = {1894A329-36F0-4ECF-B569-4B8592748882}
		{1044B5E8-5C7A-4455-A281-D90094F4199D} = {F1FA00CD-687F-4EF6-89FC-B23B9F168EAB}
		{A6918829-FB22-44F3-ADF2-B84BE8FEBE3D} = {F1FA00CD-687F-4EF6-89FC-B23B9F168EAB}
		{08078A95-97D6-44A0-8493-F52F54385AB7} = {F1FA00CD-687F-4EF6-89FC-B23B9F168EAB}
		{BB710886-53B5-4E23-947E-4E6798A5EE1B} = {6E00C038-6D5F-4877-AB9A-E41BDB5CD686}
		{EB248DF9-7C66-4B69-9651-4057938E8FE2} = {6E00C038-6D5F-4877-AB9A-E41BDB5CD686}
		{DA4F881D-1AB2-49AD-B722-7321CBB60B6A} = {6E00C038-6D5F-4877-AB9A-E41BDB5CD686}
		{003FA17D-889E-44C4-AB8A-D12C6FF8C03D} = {6E00C038-6D5F-4877-AB9A-E41BDB5CD686}
		{80B9E191-7CD5-49F0-AC9A-3B8B237D8801} = {6E00C038-6D5F-4877-AB9A-E41BDB5CD686}
		{95AE3C1E-CB32-48F0-A65B-813F95240898} = {6E00C038-6D5F-4877-AB9A-E41BDB5CD686}
		{B028B93A-4817-42B6-9F08-138CCB713FE9} = {1044B5E8-5C7A-4455-A281-D90094F4199D}
		{9BA1B5D6-22ED-48AC-947E-9C0D8C735C2E} = {1044B5E8-5C7A-4455-A281-D90094F4199D}
		{95297E02-9044-45CE-9661-8F77816AB52A} = {A6918829-FB22-44F3-ADF2-B84BE8FEBE3D}
		{EE06989A-7795-46C7-A4D5-1E8C28480777} = {A6918829-FB22-44F3-ADF2-B84BE8FEBE3D}
		{E9E8F2C2-A2CC-4C70-8314-105C0FCAC21B} = {6E00C038-6D5F-4877-AB9A-E41BDB5CD686}
		{85CB1530-A477-4560-8C10-336EAF5F8372} = {08078A95-97D6-44A0-8493-F52F54385AB7}
		{120EBF7A-8438-47F5-8D77-81225F9E9E42} = {6E00C038-6D5F-4877-AB9A-E41BDB5CD686}
		{D4BD33C0-3237-4F4E-9A16-8BCFA205C8D6} = {1894A329-36F0-4ECF-B569-4B8592748882}
		{3BBC3E8C-5630-406B-BA57-124A6FFB481D} = {D4BD33C0-3237-4F4E-9A16-8BCFA205C8D6}
	EndGlobalSection
	GlobalSection(ExtensibilityGlobals) = postSolution
		SolutionGuid = {401B9799-D075-4133-B58C-D9788B81BB40}
	EndGlobalSection
EndGlobal
